
Microsoft Visual Studio Solution File, Format Version 12.00
# Visual Studio Version 17
VisualStudioVersion = 17.12.35527.113
MinimumVisualStudioVersion = 10.0.40219.1
Project("{FAE04EC0-301F-11D3-BF4B-00C04F79EFBC}") = "FileMonitoringService Project 1", "FileMonitoringService Project 1.csproj", "{0CE70D43-6A43-45CF-ABB8-1E0064469B55}"
EndProject
Project("{54435603-DBB4-11D2-8724-00A0C9A8B90C}") = "File Monitoring Service Installer", "..\File Monitoring Service Installer\File Monitoring Service Installer.vdproj", "{42B4B0DF-CB4D-4FD2-8E8A-1FC34A445DEE}"
EndProject
Global
	GlobalSection(SolutionConfigurationPlatforms) = preSolution
		Debug|Any CPU = Debug|Any CPU
		Release|Any CPU = Release|Any CPU
	EndGlobalSection
	GlobalSection(ProjectConfigurationPlatforms) = postSolution
		{0CE70D43-6A43-45CF-ABB8-1E0064469B55}.Debug|Any CPU.ActiveCfg = Debug|Any CPU
		{0CE70D43-6A43-45CF-ABB8-1E0064469B55}.Debug|Any CPU.Build.0 = Debug|Any CPU
		{0CE70D43-6A43-45CF-ABB8-1E0064469B55}.Release|Any CPU.ActiveCfg = Release|Any CPU
		{0CE70D43-6A43-45CF-ABB8-1E0064469B55}.Release|Any CPU.Build.0 = Release|Any CPU
		{42B4B0DF-CB4D-4FD2-8E8A-1FC34A445DEE}.Debug|Any CPU.ActiveCfg = Debug
		{42B4B0DF-CB4D-4FD2-8E8A-1FC34A445DEE}.Release|Any CPU.ActiveCfg = Release
	EndGlobalSection
	GlobalSection(SolutionProperties) = preSolution
		HideSolutionNode = FALSE
	EndGlobalSection
EndGlobal
